{
  "name": "gulp-filenames",
  "version": "4.1.0",
  "dependencies": {
    "core-util-is": {
      "version": "1.0.3",
      "from": "core-util-is@>=1.0.0 <1.1.0",
      "resolved": "https://registry.npmjs.org/core-util-is/-/core-util-is-1.0.3.tgz"
    },
    "inherits": {
      "version": "2.0.4",
      "from": "inherits@>=2.0.3 <2.1.0",
      "resolved": "https://registry.npmjs.org/inherits/-/inherits-2.0.4.tgz"
    },
    "isarray": {
      "version": "1.0.0",
      "from": "isarray@>=1.0.0 <1.1.0",
      "resolved": "https://registry.npmjs.org/isarray/-/isarray-1.0.0.tgz"
    },
    "process-nextick-args": {
      "version": "2.0.1",
      "from": "process-nextick-args@>=2.0.0 <2.1.0",
      "resolved": "https://registry.npmjs.org/process-nextick-args/-/process-nextick-args-2.0.1.tgz"
    },
    "readable-stream": {
      "version": "2.3.7",
      "from": "readable-stream@>=2.3.6 <2.4.0",
      "resolved": "https://registry.npmjs.org/readable-stream/-/readable-stream-2.3.7.tgz"
    },
    "safe-buffer": {
      "version": "5.1.2",
      "from": "safe-buffer@>=5.1.1 <5.2.0",
      "resolved": "https://registry.npmjs.org/safe-buffer/-/safe-buffer-5.1.2.tgz"
    },
    "string_decoder": {
      "version": "1.1.1",
      "from": "string_decoder@>=1.1.1 <1.2.0",
      "resolved": "https://registry.npmjs.org/string_decoder/-/string_decoder-1.1.1.tgz"
    },
    "through2": {
      "version": "2.0.5",
      "from": "through2@>=2.0.5 <3.0.0",
      "resolved": "https://registry.npmjs.org/through2/-/through2-2.0.5.tgz"
    },
    "util-deprecate": {
      "version": "1.0.2",
      "from": "util-deprecate@>=1.0.1 <1.1.0",
      "resolved": "https://registry.npmjs.org/util-deprecate/-/util-deprecate-1.0.2.tgz"
    },
    "xtend": {
      "version": "4.0.2",
      "from": "xtend@>=4.0.1 <4.1.0",
      "resolved": "https://registry.npmjs.org/xtend/-/xtend-4.0.2.tgz"
    }
  }
}
